
Microsoft Visual Studio Solution File, Format Version 12.00
# Visual Studio 15
VisualStudioVersion = 15.0.28307.1800
MinimumVisualStudioVersion = 10.0.40219.1
Project("{159641D6-6404-4A2A-AE62-294DE0FE8301}") = "DummyBankLoanProject", "DummyBankLoanProject\DummyBankLoanProject.dtproj", "{B87E2D96-D485-4924-8120-94EFF4423DD0}"
EndProject
Global
	GlobalSection(SolutionConfigurationPlatforms) = preSolution
		Development|Default = Development|Default
	EndGlobalSection
	GlobalSection(ProjectConfigurationPlatforms) = postSolution
		{B87E2D96-D485-4924-8120-94EFF4423DD0}.Development|Default.ActiveCfg = Development
		{B87E2D96-D485-4924-8120-94EFF4423DD0}.Development|Default.Build.0 = Development
	EndGlobalSection
	GlobalSection(SolutionProperties) = preSolution
		HideSolutionNode = FALSE
	EndGlobalSection
	GlobalSection(ExtensibilityGlobals) = postSolution
		SolutionGuid = {AEF4AF45-EFC1-4C6A-A864-531FDBE20A87}
	EndGlobalSection
EndGlobal
